// !$*UTF8*$!
{
	archiveVersion = 1;
	classes = {
	};
	objectVersion = 55;
	objects = {

/* Begin PBXBuildFile section */
		1B8CAFBF28585A3E00647D18 /* AppDelegate.swift in Sources */ = {isa = PBXBuildFile; fileRef = 1B8CAFBE28585A3E00647D18 /* AppDelegate.swift */; };
		1B8CAFC128585A3E00647D18 /* SceneDelegate.swift in Sources */ = {isa = PBXBuildFile; fileRef = 1B8CAFC028585A3E00647D18 /* SceneDelegate.swift */; };
		1B8CAFC328585A3E00647D18 /* ViewController.swift in Sources */ = {isa = PBXBuildFile; fileRef = 1B8CAFC228585A3E00647D18 /* ViewController.swift */; };
		1B8CAFC828585A3E00647D18 /* Assets.xcassets in Resources */ = {isa = PBXBuildFile; fileRef = 1B8CAFC728585A3E00647D18 /* Assets.xcassets */; };
		1B8CAFCB28585A3E00647D18 /* LaunchScreen.storyboard in Resources */ = {isa = PBXBuildFile; fileRef = 1B8CAFC928585A3E00647D18 /* LaunchScreen.storyboard */; };
		1B8CAFD428585A7100647D18 /* RxCocoa in Frameworks */ = {isa = PBXBuildFile; productRef = 1B8CAFD328585A7100647D18 /* RxCocoa */; };
		1B8CAFD628585A7100647D18 /* RxSwift in Frameworks */ = {isa = PBXBuildFile; productRef = 1B8CAFD528585A7100647D18 /* RxSwift */; };
		1B8CAFD928585B9B00647D18 /* SnapKit in Frameworks */ = {isa = PBXBuildFile; productRef = 1B8CAFD828585B9B00647D18 /* SnapKit */; };
		1B8CAFDB28585DA900647D18 /* PickerVIewController.swift in Sources */ = {isa = PBXBuildFile; fileRef = 1B8CAFDA28585DA900647D18 /* PickerVIewController.swift */; };
		1B8CAFDD28588B6400647D18 /* Operator.swift in Sources */ = {isa = PBXBuildFile; fileRef = 1B8CAFDC28588B6400647D18 /* Operator.swift */; };
		1B8CAFDF28588F0900647D18 /* GradeVIewController.swift in Sources */ = {isa = PBXBuildFile; fileRef = 1B8CAFDE28588F0900647D18 /* GradeVIewController.swift */; };
		1B8CAFE1285899AF00647D18 /* SubjectViewController.swift in Sources */ = {isa = PBXBuildFile; fileRef = 1B8CAFE0285899AF00647D18 /* SubjectViewController.swift */; };
		1B8CAFE7285993CF00647D18 /* NetworkViewController.swift in Sources */ = {isa = PBXBuildFile; fileRef = 1B8CAFE6285993CF00647D18 /* NetworkViewController.swift */; };
		1B8CAFEB285997D900647D18 /* RxAlamofire in Frameworks */ = {isa = PBXBuildFile; productRef = 1B8CAFEA285997D900647D18 /* RxAlamofire */; };
		1B8CAFED2859A1CE00647D18 /* ReactiveViewController.swift in Sources */ = {isa = PBXBuildFile; fileRef = 1B8CAFEC2859A1CE00647D18 /* ReactiveViewController.swift */; };
		1B8CAFEF2859C00A00647D18 /* ValidationViewConroller.swift in Sources */ = {isa = PBXBuildFile; fileRef = 1B8CAFEE2859C00A00647D18 /* ValidationViewConroller.swift */; };
		1B8CAFF12859CD8100647D18 /* ButtonViewController.swift in Sources */ = {isa = PBXBuildFile; fileRef = 1B8CAFF02859CD8100647D18 /* ButtonViewController.swift */; };
		1B8CAFF32859EAFC00647D18 /* InAppViewController.swift in Sources */ = {isa = PBXBuildFile; fileRef = 1B8CAFF22859EAFC00647D18 /* InAppViewController.swift */; };
/* End PBXBuildFile section */

/* Begin PBXFileReference section */
		1B8CAFBB28585A3E00647D18 /* MyWeeks15.app */ = {isa = PBXFileReference; explicitFileType = wrapper.application; includeInIndex = 0; path = MyWeeks15.app; sourceTree = BUILT_PRODUCTS_DIR; };
		1B8CAFBE28585A3E00647D18 /* AppDelegate.swift */ = {isa = PBXFileReference; lastKnownFileType = sourcecode.swift; path = AppDelegate.swift; sourceTree = "<group>"; };
		1B8CAFC028585A3E00647D18 /* SceneDelegate.swift */ = {isa = PBXFileReference; lastKnownFileType = sourcecode.swift; path = SceneDelegate.swift; sourceTree = "<group>"; };
		1B8CAFC228585A3E00647D18 /* ViewController.swift */ = {isa = PBXFileReference; lastKnownFileType = sourcecode.swift; path = ViewController.swift; sourceTree = "<group>"; };
		1B8CAFC728585A3E00647D18 /* Assets.xcassets */ = {isa = PBXFileReference; lastKnownFileType = folder.assetcatalog; path = Assets.xcassets; sourceTree = "<group>"; };
		1B8CAFCA28585A3E00647D18 /* Base */ = {isa = PBXFileReference; lastKnownFileType = file.storyboard; name = Base; path = Base.lproj/LaunchScreen.storyboard; sourceTree = "<group>"; };
		1B8CAFCC28585A3E00647D18 /* Info.plist */ = {isa = PBXFileReference; lastKnownFileType = text.plist.xml; path = Info.plist; sourceTree = "<group>"; };
		1B8CAFDA28585DA900647D18 /* PickerVIewController.swift */ = {isa = PBXFileReference; lastKnownFileType = sourcecode.swift; path = PickerVIewController.swift; sourceTree = "<group>"; };
		1B8CAFDC28588B6400647D18 /* Operator.swift */ = {isa = PBXFileReference; lastKnownFileType = sourcecode.swift; path = Operator.swift; sourceTree = "<group>"; };
		1B8CAFDE28588F0900647D18 /* GradeVIewController.swift */ = {isa = PBXFileReference; lastKnownFileType = sourcecode.swift; path = GradeVIewController.swift; sourceTree = "<group>"; };
		1B8CAFE0285899AF00647D18 /* SubjectViewController.swift */ = {isa = PBXFileReference; lastKnownFileType = sourcecode.swift; path = SubjectViewController.swift; sourceTree = "<group>"; };
		1B8CAFE6285993CF00647D18 /* NetworkViewController.swift */ = {isa = PBXFileReference; lastKnownFileType = sourcecode.swift; path = NetworkViewController.swift; sourceTree = "<group>"; };
		1B8CAFEC2859A1CE00647D18 /* ReactiveViewController.swift */ = {isa = PBXFileReference; lastKnownFileType = sourcecode.swift; path = ReactiveViewController.swift; sourceTree = "<group>"; };
		1B8CAFEE2859C00A00647D18 /* ValidationViewConroller.swift */ = {isa = PBXFileReference; lastKnownFileType = sourcecode.swift; path = ValidationViewConroller.swift; sourceTree = "<group>"; };
		1B8CAFF02859CD8100647D18 /* ButtonViewController.swift */ = {isa = PBXFileReference; lastKnownFileType = sourcecode.swift; path = ButtonViewController.swift; sourceTree = "<group>"; };
		1B8CAFF22859EAFC00647D18 /* InAppViewController.swift */ = {isa = PBXFileReference; lastKnownFileType = sourcecode.swift; path = InAppViewController.swift; sourceTree = "<group>"; };
/* End PBXFileReference section */

/* Begin PBXFrameworksBuildPhase section */
		1B8CAFB828585A3E00647D18 /* Frameworks */ = {
			isa = PBXFrameworksBuildPhase;
			buildActionMask = 2147483647;
			files = (
				1B8CAFD928585B9B00647D18 /* SnapKit in Frameworks */,
				1B8CAFEB285997D900647D18 /* RxAlamofire in Frameworks */,
				1B8CAFD628585A7100647D18 /* RxSwift in Frameworks */,
				1B8CAFD428585A7100647D18 /* RxCocoa in Frameworks */,
			);
			runOnlyForDeploymentPostprocessing = 0;
		};
/* End PBXFrameworksBuildPhase section */

/* Begin PBXGroup section */
		1B8CAFB228585A3E00647D18 = {
			isa = PBXGroup;
			children = (
				1B8CAFBD28585A3E00647D18 /* MyWeeks15 */,
				1B8CAFBC28585A3E00647D18 /* Products */,
			);
			sourceTree = "<group>";
		};
		1B8CAFBC28585A3E00647D18 /* Products */ = {
			isa = PBXGroup;
			children = (
				1B8CAFBB28585A3E00647D18 /* MyWeeks15.app */,
			);
			name = Products;
			sourceTree = "<group>";
		};
		1B8CAFBD28585A3E00647D18 /* MyWeeks15 */ = {
			isa = PBXGroup;
			children = (
				1B8CAFBE28585A3E00647D18 /* AppDelegate.swift */,
				1B8CAFC028585A3E00647D18 /* SceneDelegate.swift */,
				1B8CAFC228585A3E00647D18 /* ViewController.swift */,
				1B8CAFDC28588B6400647D18 /* Operator.swift */,
				1B8CAFDE28588F0900647D18 /* GradeVIewController.swift */,
				1B8CAFDA28585DA900647D18 /* PickerVIewController.swift */,
				1B8CAFE0285899AF00647D18 /* SubjectViewController.swift */,
				1B8CAFE6285993CF00647D18 /* NetworkViewController.swift */,
				1B8CAFEE2859C00A00647D18 /* ValidationViewConroller.swift */,
				1B8CAFF02859CD8100647D18 /* ButtonViewController.swift */,
				1B8CAFF22859EAFC00647D18 /* InAppViewController.swift */,
				1B8CAFEC2859A1CE00647D18 /* ReactiveViewController.swift */,
				1B8CAFC728585A3E00647D18 /* Assets.xcassets */,
				1B8CAFC928585A3E00647D18 /* LaunchScreen.storyboard */,
				1B8CAFCC28585A3E00647D18 /* Info.plist */,
			);
			path = MyWeeks15;
			sourceTree = "<group>";
		};
/* End PBXGroup section */

/* Begin PBXNativeTarget section */
		1B8CAFBA28585A3E00647D18 /* MyWeeks15 */ = {
			isa = PBXNativeTarget;
			buildConfigurationList = 1B8CAFCF28585A3E00647D18 /* Build configuration list for PBXNativeTarget "MyWeeks15" */;
			buildPhases = (
				1B8CAFB728585A3E00647D18 /* Sources */,
				1B8CAFB828585A3E00647D18 /* Frameworks */,
				1B8CAFB928585A3E00647D18 /* Resources */,
			);
			buildRules = (
			);
			dependencies = (
			);
			name = MyWeeks15;
			packageProductDependencies = (
				1B8CAFD328585A7100647D18 /* RxCocoa */,
				1B8CAFD528585A7100647D18 /* RxSwift */,
				1B8CAFD828585B9B00647D18 /* SnapKit */,
				1B8CAFEA285997D900647D18 /* RxAlamofire */,
			);
			productName = MyWeeks15;
			productReference = 1B8CAFBB28585A3E00647D18 /* MyWeeks15.app */;
			productType = "com.apple.product-type.application";
		};
/* End PBXNativeTarget section */

/* Begin PBXProject section */
		1B8CAFB328585A3E00647D18 /* Project object */ = {
			isa = PBXProject;
			attributes = {
				BuildIndependentTargetsInParallel = 1;
				LastSwiftUpdateCheck = 1330;
				LastUpgradeCheck = 1330;
				TargetAttributes = {
					1B8CAFBA28585A3E00647D18 = {
						CreatedOnToolsVersion = 13.3.1;
					};
				};
			};
			buildConfigurationList = 1B8CAFB628585A3E00647D18 /* Build configuration list for PBXProject "MyWeeks15" */;
			compatibilityVersion = "Xcode 13.0";
			developmentRegion = en;
			hasScannedForEncodings = 0;
			knownRegions = (
				en,
				Base,
			);
			mainGroup = 1B8CAFB228585A3E00647D18;
			packageReferences = (
				1B8CAFD228585A7100647D18 /* XCRemoteSwiftPackageReference "RxSwift" */,
				1B8CAFD728585B9B00647D18 /* XCRemoteSwiftPackageReference "SnapKit" */,
				1B8CAFE9285997D900647D18 /* XCRemoteSwiftPackageReference "RxAlamofire" */,
			);
			productRefGroup = 1B8CAFBC28585A3E00647D18 /* Products */;
			projectDirPath = "";
			projectRoot = "";
			targets = (
				1B8CAFBA28585A3E00647D18 /* MyWeeks15 */,
			);
		};
/* End PBXProject section */

/* Begin PBXResourcesBuildPhase section */
		1B8CAFB928585A3E00647D18 /* Resources */ = {
			isa = PBXResourcesBuildPhase;
			buildActionMask = 2147483647;
			files = (
				1B8CAFCB28585A3E00647D18 /* LaunchScreen.storyboard in Resources */,
				1B8CAFC828585A3E00647D18 /* Assets.xcassets in Resources */,
			);
			runOnlyForDeploymentPostprocessing = 0;
		};
/* End PBXResourcesBuildPhase section */

/* Begin PBXSourcesBuildPhase section */
		1B8CAFB728585A3E00647D18 /* Sources */ = {
			isa = PBXSourcesBuildPhase;
			buildActionMask = 2147483647;
			files = (
				1B8CAFC328585A3E00647D18 /* ViewController.swift in Sources */,
				1B8CAFBF28585A3E00647D18 /* AppDelegate.swift in Sources */,
				1B8CAFED2859A1CE00647D18 /* ReactiveViewController.swift in Sources */,
				1B8CAFDD28588B6400647D18 /* Operator.swift in Sources */,
				1B8CAFDB28585DA900647D18 /* PickerVIewController.swift in Sources */,
				1B8CAFE1285899AF00647D18 /* SubjectViewController.swift in Sources */,
				1B8CAFEF2859C00A00647D18 /* ValidationViewConroller.swift in Sources */,
				1B8CAFDF28588F0900647D18 /* GradeVIewController.swift in Sources */,
				1B8CAFC128585A3E00647D18 /* SceneDelegate.swift in Sources */,
				1B8CAFE7285993CF00647D18 /* NetworkViewController.swift in Sources */,
				1B8CAFF12859CD8100647D18 /* ButtonViewController.swift in Sources */,
				1B8CAFF32859EAFC00647D18 /* InAppViewController.swift in Sources */,
			);
			runOnlyForDeploymentPostprocessing = 0;
		};
/* End PBXSourcesBuildPhase section */

/* Begin PBXVariantGroup section */
		1B8CAFC928585A3E00647D18 /* LaunchScreen.storyboard */ = {
			isa = PBXVariantGroup;
			children = (
				1B8CAFCA28585A3E00647D18 /* Base */,
			);
			name = LaunchScreen.storyboard;
			sourceTree = "<group>";
		};
/* End PBXVariantGroup section */

/* Begin XCBuildConfiguration section */
		1B8CAFCD28585A3E00647D18 /* Debug */ = {
			isa = XCBuildConfiguration;
			buildSettings = {
				ALWAYS_SEARCH_USER_PATHS = NO;
				CLANG_ANALYZER_NONNULL = YES;
				CLANG_ANALYZER_NUMBER_OBJECT_CONVERSION = YES_AGGRESSIVE;
				CLANG_CXX_LANGUAGE_STANDARD = "gnu++17";
				CLANG_ENABLE_MODULES = YES;
				CLANG_ENABLE_OBJC_ARC = YES;
				CLANG_ENABLE_OBJC_WEAK = YES;
				CLANG_WARN_BLOCK_CAPTURE_AUTORELEASING = YES;
				CLANG_WARN_BOOL_CONVERSION = YES;
				CLANG_WARN_COMMA = YES;
				CLANG_WARN_CONSTANT_CONVERSION = YES;
				CLANG_WARN_DEPRECATED_OBJC_IMPLEMENTATIONS = YES;
				CLANG_WARN_DIRECT_OBJC_ISA_USAGE = YES_ERROR;
				CLANG_WARN_DOCUMENTATION_COMMENTS = YES;
				CLANG_WARN_EMPTY_BODY = YES;
				CLANG_WARN_ENUM_CONVERSION = YES;
				CLANG_WARN_INFINITE_RECURSION = YES;
				CLANG_WARN_INT_CONVERSION = YES;
				CLANG_WARN_NON_LITERAL_NULL_CONVERSION = YES;
				CLANG_WARN_OBJC_IMPLICIT_RETAIN_SELF = YES;
				CLANG_WARN_OBJC_LITERAL_CONVERSION = YES;
				CLANG_WARN_OBJC_ROOT_CLASS = YES_ERROR;
				CLANG_WARN_QUOTED_INCLUDE_IN_FRAMEWORK_HEADER = YES;
				CLANG_WARN_RANGE_LOOP_ANALYSIS = YES;
				CLANG_WARN_STRICT_PROTOTYPES = YES;
				CLANG_WARN_SUSPICIOUS_MOVE = YES;
				CLANG_WARN_UNGUARDED_AVAILABILITY = YES_AGGRESSIVE;
				CLANG_WARN_UNREACHABLE_CODE = YES;
				CLANG_WARN__DUPLICATE_METHOD_MATCH = YES;
				COPY_PHASE_STRIP = NO;
				DEBUG_INFORMATION_FORMAT = dwarf;
				ENABLE_STRICT_OBJC_MSGSEND = YES;
				ENABLE_TESTABILITY = YES;
				GCC_C_LANGUAGE_STANDARD = gnu11;
				GCC_DYNAMIC_NO_PIC = NO;
				GCC_NO_COMMON_BLOCKS = YES;
				GCC_OPTIMIZATION_LEVEL = 0;
				GCC_PREPROCESSOR_DEFINITIONS = (
					"DEBUG=1",
					"$(inherited)",
				);
				GCC_WARN_64_TO_32_BIT_CONVERSION = YES;
				GCC_WARN_ABOUT_RETURN_TYPE = YES_ERROR;
				GCC_WARN_UNDECLARED_SELECTOR = YES;
				GCC_WARN_UNINITIALIZED_AUTOS = YES_AGGRESSIVE;
				GCC_WARN_UNUSED_FUNCTION = YES;
				GCC_WARN_UNUSED_VARIABLE = YES;
				IPHONEOS_DEPLOYMENT_TARGET = 14.4;
				MTL_ENABLE_DEBUG_INFO = INCLUDE_SOURCE;
				MTL_FAST_MATH = YES;
				ONLY_ACTIVE_ARCH = YES;
				SDKROOT = iphoneos;
				SWIFT_ACTIVE_COMPILATION_CONDITIONS = DEBUG;
				SWIFT_OPTIMIZATION_LEVEL = "-Onone";
			};
			name = Debug;
		};
		1B8CAFCE28585A3E00647D18 /* Release */ = {
			isa = XCBuildConfiguration;
			buildSettings = {
				ALWAYS_SEARCH_USER_PATHS = NO;
				CLANG_ANALYZER_NONNULL = YES;
				CLANG_ANALYZER_NUMBER_OBJECT_CONVERSION = YES_AGGRESSIVE;
				CLANG_CXX_LANGUAGE_STANDARD = "gnu++17";
				CLANG_ENABLE_MODULES = YES;
				CLANG_ENABLE_OBJC_ARC = YES;
				CLANG_ENABLE_OBJC_WEAK = YES;
				CLANG_WARN_BLOCK_CAPTURE_AUTORELEASING = YES;
				CLANG_WARN_BOOL_CONVERSION = YES;
				CLANG_WARN_COMMA = YES;
				CLANG_WARN_CONSTANT_CONVERSION = YES;
				CLANG_WARN_DEPRECATED_OBJC_IMPLEMENTATIONS = YES;
				CLANG_WARN_DIRECT_OBJC_ISA_USAGE = YES_ERROR;
				CLANG_WARN_DOCUMENTATION_COMMENTS = YES;
				CLANG_WARN_EMPTY_BODY = YES;
				CLANG_WARN_ENUM_CONVERSION = YES;
				CLANG_WARN_INFINITE_RECURSION = YES;
				CLANG_WARN_INT_CONVERSION = YES;
				CLANG_WARN_NON_LITERAL_NULL_CONVERSION = YES;
				CLANG_WARN_OBJC_IMPLICIT_RETAIN_SELF = YES;
				CLANG_WARN_OBJC_LITERAL_CONVERSION = YES;
				CLANG_WARN_OBJC_ROOT_CLASS = YES_ERROR;
				CLANG_WARN_QUOTED_INCLUDE_IN_FRAMEWORK_HEADER = YES;
				CLANG_WARN_RANGE_LOOP_ANALYSIS = YES;
				CLANG_WARN_STRICT_PROTOTYPES = YES;
				CLANG_WARN_SUSPICIOUS_MOVE = YES;
				CLANG_WARN_UNGUARDED_AVAILABILITY = YES_AGGRESSIVE;
				CLANG_WARN_UNREACHABLE_CODE = YES;
				CLANG_WARN__DUPLICATE_METHOD_MATCH = YES;
				COPY_PHASE_STRIP = NO;
				DEBUG_INFORMATION_FORMAT = "dwarf-with-dsym";
				ENABLE_NS_ASSERTIONS = NO;
				ENABLE_STRICT_OBJC_MSGSEND = YES;
				GCC_C_LANGUAGE_STANDARD = gnu11;
				GCC_NO_COMMON_BLOCKS = YES;
				GCC_WARN_64_TO_32_BIT_CONVERSION = YES;
				GCC_WARN_ABOUT_RETURN_TYPE = YES_ERROR;
				GCC_WARN_UNDECLARED_SELECTOR = YES;
				GCC_WARN_UNINITIALIZED_AUTOS = YES_AGGRESSIVE;
				GCC_WARN_UNUSED_FUNCTION = YES;
				GCC_WARN_UNUSED_VARIABLE = YES;
				IPHONEOS_DEPLOYMENT_TARGET = 14.4;
				MTL_ENABLE_DEBUG_INFO = NO;
				MTL_FAST_MATH = YES;
				SDKROOT = iphoneos;
				SWIFT_COMPILATION_MODE = wholemodule;
				SWIFT_OPTIMIZATION_LEVEL = "-O";
				VALIDATE_PRODUCT = YES;
			};
			name = Release;
		};
		1B8CAFD028585A3E00647D18 /* Debug */ = {
			isa = XCBuildConfiguration;
			buildSettings = {
				ASSETCATALOG_COMPILER_APPICON_NAME = AppIcon;
				ASSETCATALOG_COMPILER_GLOBAL_ACCENT_COLOR_NAME = AccentColor;
				CODE_SIGN_STYLE = Automatic;
				CURRENT_PROJECT_VERSION = 1;
				DEVELOPMENT_TEAM = 2EZ5QWFYX2;
				GENERATE_INFOPLIST_FILE = YES;
				INFOPLIST_FILE = MyWeeks15/Info.plist;
				INFOPLIST_KEY_UIApplicationSupportsIndirectInputEvents = YES;
				INFOPLIST_KEY_UILaunchStoryboardName = LaunchScreen;
				INFOPLIST_KEY_UISupportedInterfaceOrientations_iPad = "UIInterfaceOrientationPortrait UIInterfaceOrientationPortraitUpsideDown UIInterfaceOrientationLandscapeLeft UIInterfaceOrientationLandscapeRight";
				INFOPLIST_KEY_UISupportedInterfaceOrientations_iPhone = "UIInterfaceOrientationPortrait UIInterfaceOrientationLandscapeLeft UIInterfaceOrientationLandscapeRight";
				IPHONEOS_DEPLOYMENT_TARGET = 14.4;
				LD_RUNPATH_SEARCH_PATHS = (
					"$(inherited)",
					"@executable_path/Frameworks",
				);
				MARKETING_VERSION = 1.0;
				PRODUCT_BUNDLE_IDENTIFIER = com.jack.OfflineAdvanced;
				PRODUCT_NAME = "$(TARGET_NAME)";
				SWIFT_EMIT_LOC_STRINGS = YES;
				SWIFT_VERSION = 5.0;
				TARGETED_DEVICE_FAMILY = "1,2";
			};
			name = Debug;
		};
		1B8CAFD128585A3E00647D18 /* Release */ = {
			isa = XCBuildConfiguration;
			buildSettings = {
				ASSETCATALOG_COMPILER_APPICON_NAME = AppIcon;
				ASSETCATALOG_COMPILER_GLOBAL_ACCENT_COLOR_NAME = AccentColor;
				CODE_SIGN_STYLE = Automatic;
				CURRENT_PROJECT_VERSION = 1;
				DEVELOPMENT_TEAM = 2EZ5QWFYX2;
				GENERATE_INFOPLIST_FILE = YES;
				INFOPLIST_FILE = MyWeeks15/Info.plist;
				INFOPLIST_KEY_UIApplicationSupportsIndirectInputEvents = YES;
				INFOPLIST_KEY_UILaunchStoryboardName = LaunchScreen;
				INFOPLIST_KEY_UISupportedInterfaceOrientations_iPad = "UIInterfaceOrientationPortrait UIInterfaceOrientationPortraitUpsideDown UIInterfaceOrientationLandscapeLeft UIInterfaceOrientationLandscapeRight";
				INFOPLIST_KEY_UISupportedInterfaceOrientations_iPhone = "UIInterfaceOrientationPortrait UIInterfaceOrientationLandscapeLeft UIInterfaceOrientationLandscapeRight";
				IPHONEOS_DEPLOYMENT_TARGET = 14.4;
				LD_RUNPATH_SEARCH_PATHS = (
					"$(inherited)",
					"@executable_path/Frameworks",
				);
				MARKETING_VERSION = 1.0;
				PRODUCT_BUNDLE_IDENTIFIER = com.jack.OfflineAdvanced;
				PRODUCT_NAME = "$(TARGET_NAME)";
				SWIFT_EMIT_LOC_STRINGS = YES;
				SWIFT_VERSION = 5.0;
				TARGETED_DEVICE_FAMILY = "1,2";
			};
			name = Release;
		};
/* End XCBuildConfiguration section */

/* Begin XCConfigurationList section */
		1B8CAFB628585A3E00647D18 /* Build configuration list for PBXProject "MyWeeks15" */ = {
			isa = XCConfigurationList;
			buildConfigurations = (
				1B8CAFCD28585A3E00647D18 /* Debug */,
				1B8CAFCE28585A3E00647D18 /* Release */,
			);
			defaultConfigurationIsVisible = 0;
			defaultConfigurationName = Release;
		};
		1B8CAFCF28585A3E00647D18 /* Build configuration list for PBXNativeTarget "MyWeeks15" */ = {
			isa = XCConfigurationList;
			buildConfigurations = (
				1B8CAFD028585A3E00647D18 /* Debug */,
				1B8CAFD128585A3E00647D18 /* Release */,
			);
			defaultConfigurationIsVisible = 0;
			defaultConfigurationName = Release;
		};
/* End XCConfigurationList section */

/* Begin XCRemoteSwiftPackageReference section */
		1B8CAFD228585A7100647D18 /* XCRemoteSwiftPackageReference "RxSwift" */ = {
			isa = XCRemoteSwiftPackageReference;
			repositoryURL = "https://github.com/ReactiveX/RxSwift.git";
			requirement = {
				kind = upToNextMajorVersion;
				minimumVersion = 6.0.0;
			};
		};
		1B8CAFD728585B9B00647D18 /* XCRemoteSwiftPackageReference "SnapKit" */ = {
			isa = XCRemoteSwiftPackageReference;
			repositoryURL = "https://github.com/SnapKit/SnapKit.git";
			requirement = {
				branch = develop;
				kind = branch;
			};
		};
		1B8CAFE9285997D900647D18 /* XCRemoteSwiftPackageReference "RxAlamofire" */ = {
			isa = XCRemoteSwiftPackageReference;
			repositoryURL = "https://github.com/RxSwiftCommunity/RxAlamofire.git";
			requirement = {
				kind = upToNextMajorVersion;
				minimumVersion = 6.0.0;
			};
		};
/* End XCRemoteSwiftPackageReference section */

/* Begin XCSwiftPackageProductDependency section */
		1B8CAFD328585A7100647D18 /* RxCocoa */ = {
			isa = XCSwiftPackageProductDependency;
			package = 1B8CAFD228585A7100647D18 /* XCRemoteSwiftPackageReference "RxSwift" */;
			productName = RxCocoa;
		};
		1B8CAFD528585A7100647D18 /* RxSwift */ = {
			isa = XCSwiftPackageProductDependency;
			package = 1B8CAFD228585A7100647D18 /* XCRemoteSwiftPackageReference "RxSwift" */;
			productName = RxSwift;
		};
		1B8CAFD828585B9B00647D18 /* SnapKit */ = {
			isa = XCSwiftPackageProductDependency;
			package = 1B8CAFD728585B9B00647D18 /* XCRemoteSwiftPackageReference "SnapKit" */;
			productName = SnapKit;
		};
		1B8CAFEA285997D900647D18 /* RxAlamofire */ = {
			isa = XCSwiftPackageProductDependency;
			package = 1B8CAFE9285997D900647D18 /* XCRemoteSwiftPackageReference "RxAlamofire" */;
			productName = RxAlamofire;
		};
/* End XCSwiftPackageProductDependency section */
	};
	rootObject = 1B8CAFB328585A3E00647D18 /* Project object */;
}
